
Microsoft Visual Studio Solution File, Format Version 12.00
# Visual Studio Version 16
VisualStudioVersion = 16.0.34729.46
MinimumVisualStudioVersion = 10.0.40219.1
Project("{FAE04EC0-301F-11D3-BF4B-00C04F79EFBC}") = "Adatbázis gyaki", "Adatbázis gyaki\Adatbázis gyaki.csproj", "{CDE2E6CB-D9C0-46C3-9E00-C9B0BF1996E0}"
EndProject
Global
	GlobalSection(SolutionConfigurationPlatforms) = preSolution
		Debug|Any CPU = Debug|Any CPU
		Release|Any CPU = Release|Any CPU
	EndGlobalSection
	GlobalSection(ProjectConfigurationPlatforms) = postSolution
		{CDE2E6CB-D9C0-46C3-9E00-C9B0BF1996E0}.Debug|Any CPU.ActiveCfg = Debug|Any CPU
		{CDE2E6CB-D9C0-46C3-9E00-C9B0BF1996E0}.Debug|Any CPU.Build.0 = Debug|Any CPU
		{CDE2E6CB-D9C0-46C3-9E00-C9B0BF1996E0}.Release|Any CPU.ActiveCfg = Release|Any CPU
		{CDE2E6CB-D9C0-46C3-9E00-C9B0BF1996E0}.Release|Any CPU.Build.0 = Release|Any CPU
	EndGlobalSection
	GlobalSection(SolutionProperties) = preSolution
		HideSolutionNode = FALSE
	EndGlobalSection
	GlobalSection(ExtensibilityGlobals) = postSolution
		SolutionGuid = {F611CD49-D257-46E7-B5B8-7EBF91C3CD40}
	EndGlobalSection
EndGlobal
